// !$*UTF8*$!
{
	archiveVersion = 1;
	classes = {
	};
	objectVersion = 46;
	objects = {

/* Begin PBXBuildFile section */
		FE0A46061C02AE090021103A /* main.m in Sources */ = {isa = PBXBuildFile; fileRef = FE0A46051C02AE090021103A /* main.m */; };
		FE0A46091C02AE090021103A /* AppDelegate.m in Sources */ = {isa = PBXBuildFile; fileRef = FE0A46081C02AE090021103A /* AppDelegate.m */; };
		FE0A460C1C02AE090021103A /* ViewController.m in Sources */ = {isa = PBXBuildFile; fileRef = FE0A460B1C02AE090021103A /* ViewController.m */; };
		FE0A460F1C02AE090021103A /* Main.storyboard in Resources */ = {isa = PBXBuildFile; fileRef = FE0A460D1C02AE090021103A /* Main.storyboard */; };
		FE0A46111C02AE090021103A /* Assets.xcassets in Resources */ = {isa = PBXBuildFile; fileRef = FE0A46101C02AE090021103A /* Assets.xcassets */; };
		FE0A46141C02AE090021103A /* LaunchScreen.storyboard in Resources */ = {isa = PBXBuildFile; fileRef = FE0A46121C02AE090021103A /* LaunchScreen.storyboard */; };
/* End PBXBuildFile section */

/* Begin PBXFileReference section */
		FE0A46011C02AE090021103A /* UIImageViewAniamtions.app */ = {isa = PBXFileReference; explicitFileType = wrapper.application; includeInIndex = 0; path = UIImageViewAniamtions.app; sourceTree = BUILT_PRODUCTS_DIR; };
		FE0A46051C02AE090021103A /* main.m */ = {isa = PBXFileReference; lastKnownFileType = sourcecode.c.objc; path = main.m; sourceTree = "<group>"; };
		FE0A46071C02AE090021103A /* AppDelegate.h */ = {isa = PBXFileReference; lastKnownFileType = sourcecode.c.h; path = AppDelegate.h; sourceTree = "<group>"; };
		FE0A46081C02AE090021103A /* AppDelegate.m */ = {isa = PBXFileReference; lastKnownFileType = sourcecode.c.objc; path = AppDelegate.m; sourceTree = "<group>"; };
		FE0A460A1C02AE090021103A /* ViewController.h */ = {isa = PBXFileReference; lastKnownFileType = sourcecode.c.h; path = ViewController.h; sourceTree = "<group>"; };
		FE0A460B1C02AE090021103A /* ViewController.m */ = {isa = PBXFileReference; lastKnownFileType = sourcecode.c.objc; path = ViewController.m; sourceTree = "<group>"; };
		FE0A460E1C02AE090021103A /* Base */ = {isa = PBXFileReference; lastKnownFileType = file.storyboard; name = Base; path = Base.lproj/Main.storyboard; sourceTree = "<group>"; };
		FE0A46101C02AE090021103A /* Assets.xcassets */ = {isa = PBXFileReference; lastKnownFileType = folder.assetcatalog; path = Assets.xcassets; sourceTree = "<group>"; };
		FE0A46131C02AE090021103A /* Base */ = {isa = PBXFileReference; lastKnownFileType = file.storyboard; name = Base; path = Base.lproj/LaunchScreen.storyboard; sourceTree = "<group>"; };
		FE0A46151C02AE090021103A /* Info.plist */ = {isa = PBXFileReference; lastKnownFileType = text.plist.xml; path = Info.plist; sourceTree = "<group>"; };
/* End PBXFileReference section */

/* Begin PBXFrameworksBuildPhase section */
		FE0A45FE1C02AE090021103A /* Frameworks */ = {
			isa = PBXFrameworksBuildPhase;
			buildActionMask = 2147483647;
			files = (
			);
			runOnlyForDeploymentPostprocessing = 0;
		};
/* End PBXFrameworksBuildPhase section */

/* Begin PBXGroup section */
		FE0A45F81C02AE090021103A = {
			isa = PBXGroup;
			children = (
				FE0A46031C02AE090021103A /* UIImageViewAniamtions */,
				FE0A46021C02AE090021103A /* Products */,
			);
			sourceTree = "<group>";
		};
		FE0A46021C02AE090021103A /* Products */ = {
			isa = PBXGroup;
			children = (
				FE0A46011C02AE090021103A /* UIImageViewAniamtions.app */,
			);
			name = Products;
			sourceTree = "<group>";
		};
		FE0A46031C02AE090021103A /* UIImageViewAniamtions */ = {
			isa = PBXGroup;
			children = (
				FE0A46071C02AE090021103A /* AppDelegate.h */,
				FE0A46081C02AE090021103A /* AppDelegate.m */,
				FE0A460A1C02AE090021103A /* ViewController.h */,
				FE0A460B1C02AE090021103A /* ViewController.m */,
				FE0A460D1C02AE090021103A /* Main.storyboard */,
				FE0A46101C02AE090021103A /* Assets.xcassets */,
				FE0A46121C02AE090021103A /* LaunchScreen.storyboard */,
				FE0A46151C02AE090021103A /* Info.plist */,
				FE0A46041C02AE090021103A /* Supporting Files */,
			);
			path = UIImageViewAniamtions;
			sourceTree = "<group>";
		};
		FE0A46041C02AE090021103A /* Supporting Files */ = {
			isa = PBXGroup;
			children = (
				FE0A46051C02AE090021103A /* main.m */,
			);
			name = "Supporting Files";
			sourceTree = "<group>";
		};
/* End PBXGroup section */

/* Begin PBXNativeTarget section */
		FE0A46001C02AE090021103A /* UIImageViewAniamtions */ = {
			isa = PBXNativeTarget;
			buildConfigurationList = FE0A46181C02AE090021103A /* Build configuration list for PBXNativeTarget "UIImageViewAniamtions" */;
			buildPhases = (
				FE0A45FD1C02AE090021103A /* Sources */,
				FE0A45FE1C02AE090021103A /* Frameworks */,
				FE0A45FF1C02AE090021103A /* Resources */,
			);
			buildRules = (
			);
			dependencies = (
			);
			name = UIImageViewAniamtions;
			productName = UIImageViewAniamtions;
			productReference = FE0A46011C02AE090021103A /* UIImageViewAniamtions.app */;
			productType = "com.apple.product-type.application";
		};
/* End PBXNativeTarget section */

/* Begin PBXProject section */
		FE0A45F91C02AE090021103A /* Project object */ = {
			isa = PBXProject;
			attributes = {
				LastUpgradeCheck = 0710;
				ORGANIZATIONNAME = "方";
				TargetAttributes = {
					FE0A46001C02AE090021103A = {
						CreatedOnToolsVersion = 7.1.1;
						DevelopmentTeam = U2ER6KQ7G8;
					};
				};
			};
			buildConfigurationList = FE0A45FC1C02AE090021103A /* Build configuration list for PBXProject "UIImageViewAniamtions" */;
			compatibilityVersion = "Xcode 3.2";
			developmentRegion = English;
			hasScannedForEncodings = 0;
			knownRegions = (
				en,
				Base,
			);
			mainGroup = FE0A45F81C02AE090021103A;
			productRefGroup = FE0A46021C02AE090021103A /* Products */;
			projectDirPath = "";
			projectRoot = "";
			targets = (
				FE0A46001C02AE090021103A /* UIImageViewAniamtions */,
			);
		};
/* End PBXProject section */

/* Begin PBXResourcesBuildPhase section */
		FE0A45FF1C02AE090021103A /* Resources */ = {
			isa = PBXResourcesBuildPhase;
			buildActionMask = 2147483647;
			files = (
				FE0A46141C02AE090021103A /* LaunchScreen.storyboard in Resources */,
				FE0A46111C02AE090021103A /* Assets.xcassets in Resources */,
				FE0A460F1C02AE090021103A /* Main.storyboard in Resources */,
			);
			runOnlyForDeploymentPostprocessing = 0;
		};
/* End PBXResourcesBuildPhase section */

/* Begin PBXSourcesBuildPhase section */
		FE0A45FD1C02AE090021103A /* Sources */ = {
			isa = PBXSourcesBuildPhase;
			buildActionMask = 2147483647;
			files = (
				FE0A460C1C02AE090021103A /* ViewController.m in Sources */,
				FE0A46091C02AE090021103A /* AppDelegate.m in Sources */,
				FE0A46061C02AE090021103A /* main.m in Sources */,
			);
			runOnlyForDeploymentPostprocessing = 0;
		};
/* End PBXSourcesBuildPhase section */

/* Begin PBXVariantGroup section */
		FE0A460D1C02AE090021103A /* Main.storyboard */ = {
			isa = PBXVariantGroup;
			children = (
				FE0A460E1C02AE090021103A /* Base */,
			);
			name = Main.storyboard;
			sourceTree = "<group>";
		};
		FE0A46121C02AE090021103A /* LaunchScreen.storyboard */ = {
			isa = PBXVariantGroup;
			children = (
				FE0A46131C02AE090021103A /* Base */,
			);
			name = LaunchScreen.storyboard;
			sourceTree = "<group>";
		};
/* End PBXVariantGroup section */

/* Begin XCBuildConfiguration section */
		FE0A46161C02AE090021103A /* Debug */ = {
			isa = XCBuildConfiguration;
			buildSettings = {
				ALWAYS_SEARCH_USER_PATHS = NO;
				CLANG_CXX_LANGUAGE_STANDARD = "gnu++0x";
				CLANG_CXX_LIBRARY = "libc++";
				CLANG_ENABLE_MODULES = YES;
				CLANG_ENABLE_OBJC_ARC = YES;
				CLANG_WARN_BOOL_CONVERSION = YES;
				CLANG_WARN_CONSTANT_CONVERSION = YES;
				CLANG_WARN_DIRECT_OBJC_ISA_USAGE = YES_ERROR;
				CLANG_WARN_EMPTY_BODY = YES;
				CLANG_WARN_ENUM_CONVERSION = YES;
				CLANG_WARN_INT_CONVERSION = YES;
				CLANG_WARN_OBJC_ROOT_CLASS = YES_ERROR;
				CLANG_WARN_UNREACHABLE_CODE = YES;
				CLANG_WARN__DUPLICATE_METHOD_MATCH = YES;
				"CODE_SIGN_IDENTITY[sdk=iphoneos*]" = "iPhone Developer";
				COPY_PHASE_STRIP = NO;
				DEBUG_INFORMATION_FORMAT = dwarf;
				ENABLE_STRICT_OBJC_MSGSEND = YES;
				ENABLE_TESTABILITY = YES;
				GCC_C_LANGUAGE_STANDARD = gnu99;
				GCC_DYNAMIC_NO_PIC = NO;
				GCC_NO_COMMON_BLOCKS = YES;
				GCC_OPTIMIZATION_LEVEL = 0;
				GCC_PREPROCESSOR_DEFINITIONS = (
					"DEBUG=1",
					"$(inherited)",
				);
				GCC_WARN_64_TO_32_BIT_CONVERSION = YES;
				GCC_WARN_ABOUT_RETURN_TYPE = YES_ERROR;
				GCC_WARN_UNDECLARED_SELECTOR = YES;
				GCC_WARN_UNINITIALIZED_AUTOS = YES_AGGRESSIVE;
				GCC_WARN_UNUSED_FUNCTION = YES;
				GCC_WARN_UNUSED_VARIABLE = YES;
				IPHONEOS_DEPLOYMENT_TARGET = 9.1;
				MTL_ENABLE_DEBUG_INFO = YES;
				ONLY_ACTIVE_ARCH = YES;
				SDKROOT = iphoneos;
			};
			name = Debug;
		};
		FE0A46171C02AE090021103A /* Release */ = {
			isa = XCBuildConfiguration;
			buildSettings = {
				ALWAYS_SEARCH_USER_PATHS = NO;
				CLANG_CXX_LANGUAGE_STANDARD = "gnu++0x";
				CLANG_CXX_LIBRARY = "libc++";
				CLANG_ENABLE_MODULES = YES;
				CLANG_ENABLE_OBJC_ARC = YES;
				CLANG_WARN_BOOL_CONVERSION = YES;
				CLANG_WARN_CONSTANT_CONVERSION = YES;
				CLANG_WARN_DIRECT_OBJC_ISA_USAGE = YES_ERROR;
				CLANG_WARN_EMPTY_BODY = YES;
				CLANG_WARN_ENUM_CONVERSION = YES;
				CLANG_WARN_INT_CONVERSION = YES;
				CLANG_WARN_OBJC_ROOT_CLASS = YES_ERROR;
				CLANG_WARN_UNREACHABLE_CODE = YES;
				CLANG_WARN__DUPLICATE_METHOD_MATCH = YES;
				"CODE_SIGN_IDENTITY[sdk=iphoneos*]" = "iPhone Developer";
				COPY_PHASE_STRIP = NO;
				DEBUG_INFORMATION_FORMAT = "dwarf-with-dsym";
				ENABLE_NS_ASSERTIONS = NO;
				ENABLE_STRICT_OBJC_MSGSEND = YES;
				GCC_C_LANGUAGE_STANDARD = gnu99;
				GCC_NO_COMMON_BLOCKS = YES;
				GCC_WARN_64_TO_32_BIT_CONVERSION = YES;
				GCC_WARN_ABOUT_RETURN_TYPE = YES_ERROR;
				GCC_WARN_UNDECLARED_SELECTOR = YES;
				GCC_WARN_UNINITIALIZED_AUTOS = YES_AGGRESSIVE;
				GCC_WARN_UNUSED_FUNCTION = YES;
				GCC_WARN_UNUSED_VARIABLE = YES;
				IPHONEOS_DEPLOYMENT_TARGET = 9.1;
				MTL_ENABLE_DEBUG_INFO = NO;
				SDKROOT = iphoneos;
				VALIDATE_PRODUCT = YES;
			};
			name = Release;
		};
		FE0A46191C02AE090021103A /* Debug */ = {
			isa = XCBuildConfiguration;
			buildSettings = {
				ASSETCATALOG_COMPILER_APPICON_NAME = AppIcon;
				CODE_SIGN_IDENTITY = "iPhone Developer";
				INFOPLIST_FILE = UIImageViewAniamtions/Info.plist;
				LD_RUNPATH_SEARCH_PATHS = "$(inherited) @executable_path/Frameworks";
				PRODUCT_BUNDLE_IDENTIFIER = com.jiayoufang.UIImageViewAniamtions;
				PRODUCT_NAME = "$(TARGET_NAME)";
			};
			name = Debug;
		};
		FE0A461A1C02AE090021103A /* Release */ = {
			isa = XCBuildConfiguration;
			buildSettings = {
				ASSETCATALOG_COMPILER_APPICON_NAME = AppIcon;
				CODE_SIGN_IDENTITY = "iPhone Developer";
				INFOPLIST_FILE = UIImageViewAniamtions/Info.plist;
				LD_RUNPATH_SEARCH_PATHS = "$(inherited) @executable_path/Frameworks";
				PRODUCT_BUNDLE_IDENTIFIER = com.jiayoufang.UIImageViewAniamtions;
				PRODUCT_NAME = "$(TARGET_NAME)";
			};
			name = Release;
		};
/* End XCBuildConfiguration section */

/* Begin XCConfigurationList section */
		FE0A45FC1C02AE090021103A /* Build configuration list for PBXProject "UIImageViewAniamtions" */ = {
			isa = XCConfigurationList;
			buildConfigurations = (
				FE0A46161C02AE090021103A /* Debug */,
				FE0A46171C02AE090021103A /* Release */,
			);
			defaultConfigurationIsVisible = 0;
			defaultConfigurationName = Release;
		};
		FE0A46181C02AE090021103A /* Build configuration list for PBXNativeTarget "UIImageViewAniamtions" */ = {
			isa = XCConfigurationList;
			buildConfigurations = (
				FE0A46191C02AE090021103A /* Debug */,
				FE0A461A1C02AE090021103A /* Release */,
			);
			defaultConfigurationIsVisible = 0;
		};
/* End XCConfigurationList section */
	};
	rootObject = FE0A45F91C02AE090021103A /* Project object */;
}
